// !$*UTF8*$!
{
	archiveVersion = 1;
	classes = {
	};
	objectVersion = 54;
	objects = {

/* Begin PBXBuildFile section */
		"08CBF70E-CAB4-40A9-9206-185CD65E227B" /* ofxToggle.cpp in Sources */ = {isa = PBXBuildFile; fileRef = "0A589B0A-5BF5-4AE8-AFC6-DD8D582E0D12" /* ofxToggle.cpp */; };
		"0B0B17CF-8C02-43FC-9E9C-13EACF5897DA" /* ofxSliderGroup.cpp in Sources */ = {isa = PBXBuildFile; fileRef = "6064535D-D655-4FE8-BF7A-64F5A3F7C8DD" /* ofxSliderGroup.cpp */; };
		"0E66BD5F-287B-43AE-9A0F-D2ADF32F92C0" /* ofxPanel.cpp in Sources */ = {isa = PBXBuildFile; fileRef = "06D277BA-4E5A-4A6E-81EE-6560455CC5E3" /* ofxPanel.cpp */; };
		"1E4943F6-D1D1-42E1-AC1C-BE499DD9D454" /* ofxInputField.cpp in Sources */ = {isa = PBXBuildFile; fileRef = "A49C3122-08ED-4ACF-BD20-7A564FDAAD16" /* ofxInputField.cpp */; };
		"2ED2036C-39A7-4171-A290-05099C3FD2E0" /* ofxSlider.cpp in Sources */ = {isa = PBXBuildFile; fileRef = "A83298B6-1CA8-44B2-B03B-7A2FB1EF0069" /* ofxSlider.cpp */; };
		"31B9DD60-26E7-4453-AACB-B937F8CD954E" /* ofxColorPicker.cpp in Sources */ = {isa = PBXBuildFile; fileRef = "A28A5D6F-8003-4EA7-B062-7F33D044D7F9" /* ofxColorPicker.cpp */; };
		"4EA01535-7A8F-411E-850A-AE2F51D7AF07" /* ofxLabel.cpp in Sources */ = {isa = PBXBuildFile; fileRef = "72903B4A-C377-4FFD-B4F1-320C38C7BC59" /* ofxLabel.cpp */; };
		"6766E24C-6BFD-445C-8BBF-AB4B9FCA683C" /* ofxBaseGui.cpp in Sources */ = {isa = PBXBuildFile; fileRef = "222BC69A-CA29-42D0-AF33-F61D01C539BD" /* ofxBaseGui.cpp */; };
		"77DDD835-7332-4662-8114-A98BECC8B158" /* ofxButton.cpp in Sources */ = {isa = PBXBuildFile; fileRef = "C83C67C8-CA0E-4B6D-ADC1-0A4E8958B998" /* ofxButton.cpp */; };
		"89FD8C2B-2F4E-4B85-9897-58B37385832A" /* ofxGuiGroup.cpp in Sources */ = {isa = PBXBuildFile; fileRef = "3312B826-65EC-464B-A1C8-5A30D6AAED56" /* ofxGuiGroup.cpp */; };
		C1734FC72CC6E5FB0043AFD8 /* ParticleEmitter.cpp in Sources */ = {isa = PBXBuildFile; fileRef = C1734FC62CC6E5FB0043AFD8 /* ParticleEmitter.cpp */; };
		C1734FD12CC72BD50043AFD8 /* ParticleSystem.cpp in Sources */ = {isa = PBXBuildFile; fileRef = C1734FD02CC72BD50043AFD8 /* ParticleSystem.cpp */; };
		C1734FD32CC72C180043AFD8 /* TransformObject.cpp in Sources */ = {isa = PBXBuildFile; fileRef = C1734FD22CC72C180043AFD8 /* TransformObject.cpp */; };
		C1734FD52CC72EEF0043AFD8 /* Particle.cpp in Sources */ = {isa = PBXBuildFile; fileRef = C1734FD42CC72EEF0043AFD8 /* Particle.cpp */; };
		C18F71C02CAA241700A20595 /* Emitter.cpp in Sources */ = {isa = PBXBuildFile; fileRef = C18F71BE2CAA241700A20595 /* Emitter.cpp */; };
		C18F71C42CAA24A000A20595 /* Player.cpp in Sources */ = {isa = PBXBuildFile; fileRef = C18F71C22CAA24A000A20595 /* Player.cpp */; };
		C18F71C82CAA298100A20595 /* Sprite.cpp in Sources */ = {isa = PBXBuildFile; fileRef = C18F71C72CAA298100A20595 /* Sprite.cpp */; };
		E4B69E200A3A1BDC003C02F2 /* main.cpp in Sources */ = {isa = PBXBuildFile; fileRef = E4B69E1D0A3A1BDC003C02F2 /* main.cpp */; };
		E4B69E210A3A1BDC003C02F2 /* ofApp.cpp in Sources */ = {isa = PBXBuildFile; fileRef = E4B69E1E0A3A1BDC003C02F2 /* ofApp.cpp */; };
/* End PBXBuildFile section */

/* Begin PBXCopyFilesBuildPhase section */
		E4A5B60F29BAAAE400C2D356 /* CopyFiles */ = {
			isa = PBXCopyFilesBuildPhase;
			buildActionMask = 2147483647;
			dstPath = "";
			dstSubfolderSpec = 6;
			files = (
			);
			runOnlyForDeploymentPostprocessing = 0;
		};
		E4C2427710CC5ABF004149E2 /* CopyFiles */ = {
			isa = PBXCopyFilesBuildPhase;
			buildActionMask = 2147483647;
			dstPath = "";
			dstSubfolderSpec = 10;
			files = (
			);
			runOnlyForDeploymentPostprocessing = 0;
		};
/* End PBXCopyFilesBuildPhase section */

/* Begin PBXFileReference section */
		"06D277BA-4E5A-4A6E-81EE-6560455CC5E3" /* ofxPanel.cpp */ = {isa = PBXFileReference; explicitFileType = sourcecode.cpp.cpp; fileEncoding = 4; name = ofxPanel.cpp; path = ../../../addons/ofxGui/src/ofxPanel.cpp; sourceTree = SOURCE_ROOT; };
		"078AB00E-3C7C-4B6D-B98C-A0E9F6CDD6FB" /* ofxLabel.h */ = {isa = PBXFileReference; explicitFileType = sourcecode.c.h; fileEncoding = 4; name = ofxLabel.h; path = ../../../addons/ofxGui/src/ofxLabel.h; sourceTree = SOURCE_ROOT; };
		"0A589B0A-5BF5-4AE8-AFC6-DD8D582E0D12" /* ofxToggle.cpp */ = {isa = PBXFileReference; explicitFileType = sourcecode.cpp.cpp; fileEncoding = 4; name = ofxToggle.cpp; path = ../../../addons/ofxGui/src/ofxToggle.cpp; sourceTree = SOURCE_ROOT; };
		191CD6FA2847E21E0085CBB6 /* of.entitlements */ = {isa = PBXFileReference; fileEncoding = 4; lastKnownFileType = text.plist.entitlements; path = of.entitlements; sourceTree = "<group>"; };
		191EF70929D778A400F35F26 /* openFrameworks */ = {isa = PBXFileReference; lastKnownFileType = folder; name = openFrameworks; path = ../../../libs/openFrameworks; sourceTree = SOURCE_ROOT; };
		"222117CC-150C-4843-8C45-1006E5191931" /* ofxSliderGroup.h */ = {isa = PBXFileReference; explicitFileType = sourcecode.c.h; fileEncoding = 4; name = ofxSliderGroup.h; path = ../../../addons/ofxGui/src/ofxSliderGroup.h; sourceTree = SOURCE_ROOT; };
		"222BC69A-CA29-42D0-AF33-F61D01C539BD" /* ofxBaseGui.cpp */ = {isa = PBXFileReference; explicitFileType = sourcecode.cpp.cpp; fileEncoding = 4; name = ofxBaseGui.cpp; path = ../../../addons/ofxGui/src/ofxBaseGui.cpp; sourceTree = SOURCE_ROOT; };
		"3312B826-65EC-464B-A1C8-5A30D6AAED56" /* ofxGuiGroup.cpp */ = {isa = PBXFileReference; explicitFileType = sourcecode.cpp.cpp; fileEncoding = 4; name = ofxGuiGroup.cpp; path = ../../../addons/ofxGui/src/ofxGuiGroup.cpp; sourceTree = SOURCE_ROOT; };
		"3F895431-AB1F-49D1-89F7-0E84F0B4A803" /* ofxPanel.h */ = {isa = PBXFileReference; explicitFileType = sourcecode.c.h; fileEncoding = 4; name = ofxPanel.h; path = ../../../addons/ofxGui/src/ofxPanel.h; sourceTree = SOURCE_ROOT; };
		"599C7E3B-9F1F-4B1F-965E-2CA59B77F530" /* ofxSlider.h */ = {isa = PBXFileReference; explicitFileType = sourcecode.c.h; fileEncoding = 4; name = ofxSlider.h; path = ../../../addons/ofxGui/src/ofxSlider.h; sourceTree = SOURCE_ROOT; };
		"6064535D-D655-4FE8-BF7A-64F5A3F7C8DD" /* ofxSliderGroup.cpp */ = {isa = PBXFileReference; explicitFileType = sourcecode.cpp.cpp; fileEncoding = 4; name = ofxSliderGroup.cpp; path = ../../../addons/ofxGui/src/ofxSliderGroup.cpp; sourceTree = SOURCE_ROOT; };
		"6305D2B2-B753-4730-90DA-0684206F3148" /* ofxGuiGroup.h */ = {isa = PBXFileReference; explicitFileType = sourcecode.c.h; fileEncoding = 4; name = ofxGuiGroup.h; path = ../../../addons/ofxGui/src/ofxGuiGroup.h; sourceTree = SOURCE_ROOT; };
		"69F492C0-DBA2-4F1D-9593-01775A5EA455" /* ofxButton.h */ = {isa = PBXFileReference; explicitFileType = sourcecode.c.h; fileEncoding = 4; name = ofxButton.h; path = ../../../addons/ofxGui/src/ofxButton.h; sourceTree = SOURCE_ROOT; };
		"72903B4A-C377-4FFD-B4F1-320C38C7BC59" /* ofxLabel.cpp */ = {isa = PBXFileReference; explicitFileType = sourcecode.cpp.cpp; fileEncoding = 4; name = ofxLabel.cpp; path = ../../../addons/ofxGui/src/ofxLabel.cpp; sourceTree = SOURCE_ROOT; };
		"A28A5D6F-8003-4EA7-B062-7F33D044D7F9" /* ofxColorPicker.cpp */ = {isa = PBXFileReference; explicitFileType = sourcecode.cpp.cpp; fileEncoding = 4; name = ofxColorPicker.cpp; path = ../../../addons/ofxGui/src/ofxColorPicker.cpp; sourceTree = SOURCE_ROOT; };
		"A49C3122-08ED-4ACF-BD20-7A564FDAAD16" /* ofxInputField.cpp */ = {isa = PBXFileReference; explicitFileType = sourcecode.cpp.cpp; fileEncoding = 4; name = ofxInputField.cpp; path = ../../../addons/ofxGui/src/ofxInputField.cpp; sourceTree = SOURCE_ROOT; };
		"A5A2E305-A507-4146-93AE-81C8268804A8" /* ofxInputField.h */ = {isa = PBXFileReference; explicitFileType = sourcecode.c.h; fileEncoding = 4; name = ofxInputField.h; path = ../../../addons/ofxGui/src/ofxInputField.h; sourceTree = SOURCE_ROOT; };
		"A83298B6-1CA8-44B2-B03B-7A2FB1EF0069" /* ofxSlider.cpp */ = {isa = PBXFileReference; explicitFileType = sourcecode.cpp.cpp; fileEncoding = 4; name = ofxSlider.cpp; path = ../../../addons/ofxGui/src/ofxSlider.cpp; sourceTree = SOURCE_ROOT; };
		"B19945D8-BAA3-40DF-BB79-53843EE8E5F3" /* ofxGui.h */ = {isa = PBXFileReference; explicitFileType = sourcecode.c.h; fileEncoding = 4; name = ofxGui.h; path = ../../../addons/ofxGui/src/ofxGui.h; sourceTree = SOURCE_ROOT; };
		C1734FC62CC6E5FB0043AFD8 /* ParticleEmitter.cpp */ = {isa = PBXFileReference; lastKnownFileType = sourcecode.cpp.cpp; path = ParticleEmitter.cpp; sourceTree = "<group>"; };
		C1734FC82CC6E6330043AFD8 /* ParticleEmitter.h */ = {isa = PBXFileReference; lastKnownFileType = sourcecode.c.h; path = ParticleEmitter.h; sourceTree = "<group>"; };
		C1734FCA2CC6FACA0043AFD8 /* ParticleSystem.h */ = {isa = PBXFileReference; lastKnownFileType = sourcecode.c.h; path = ParticleSystem.h; sourceTree = "<group>"; };
		C1734FCF2CC6FCBC0043AFD8 /* TransformObject.h */ = {isa = PBXFileReference; lastKnownFileType = sourcecode.c.h; path = TransformObject.h; sourceTree = "<group>"; };
		C1734FD02CC72BD50043AFD8 /* ParticleSystem.cpp */ = {isa = PBXFileReference; lastKnownFileType = sourcecode.cpp.cpp; path = ParticleSystem.cpp; sourceTree = "<group>"; };
		C1734FD22CC72C180043AFD8 /* TransformObject.cpp */ = {isa = PBXFileReference; lastKnownFileType = sourcecode.cpp.cpp; path = TransformObject.cpp; sourceTree = "<group>"; };
		C1734FD42CC72EEF0043AFD8 /* Particle.cpp */ = {isa = PBXFileReference; lastKnownFileType = sourcecode.cpp.cpp; path = Particle.cpp; sourceTree = "<group>"; };
		C1734FD62CC72F510043AFD8 /* Particle.h */ = {isa = PBXFileReference; lastKnownFileType = sourcecode.c.h; path = Particle.h; sourceTree = "<group>"; };
		C18F71BE2CAA241700A20595 /* Emitter.cpp */ = {isa = PBXFileReference; fileEncoding = 4; lastKnownFileType = sourcecode.cpp.cpp; path = Emitter.cpp; sourceTree = "<group>"; };
		C18F71BF2CAA241700A20595 /* Emitter.h */ = {isa = PBXFileReference; fileEncoding = 4; lastKnownFileType = sourcecode.c.h; path = Emitter.h; sourceTree = "<group>"; };
		C18F71C22CAA24A000A20595 /* Player.cpp */ = {isa = PBXFileReference; lastKnownFileType = sourcecode.cpp.cpp; path = Player.cpp; sourceTree = "<group>"; };
		C18F71C52CAA270E00A20595 /* Player.h */ = {isa = PBXFileReference; lastKnownFileType = sourcecode.c.h; path = Player.h; sourceTree = "<group>"; };
		C18F71C62CAA298100A20595 /* Sprite.h */ = {isa = PBXFileReference; fileEncoding = 4; lastKnownFileType = sourcecode.c.h; path = Sprite.h; sourceTree = "<group>"; };
		C18F71C72CAA298100A20595 /* Sprite.cpp */ = {isa = PBXFileReference; fileEncoding = 4; lastKnownFileType = sourcecode.cpp.cpp; path = Sprite.cpp; sourceTree = "<group>"; };
		C18F71C92CAA29AF00A20595 /* Shape.h */ = {isa = PBXFileReference; fileEncoding = 4; lastKnownFileType = sourcecode.c.h; path = Shape.h; sourceTree = "<group>"; };
		"C83C67C8-CA0E-4B6D-ADC1-0A4E8958B998" /* ofxButton.cpp */ = {isa = PBXFileReference; explicitFileType = sourcecode.cpp.cpp; fileEncoding = 4; name = ofxButton.cpp; path = ../../../addons/ofxGui/src/ofxButton.cpp; sourceTree = SOURCE_ROOT; };
		"D8A04C92-B75B-4985-A860-703B2030936E" /* ofxBaseGui.h */ = {isa = PBXFileReference; explicitFileType = sourcecode.c.h; fileEncoding = 4; name = ofxBaseGui.h; path = ../../../addons/ofxGui/src/ofxBaseGui.h; sourceTree = SOURCE_ROOT; };
		"D9270FDE-2AE5-470D-8197-E359003E6A78" /* ofxGuiUtils.h */ = {isa = PBXFileReference; explicitFileType = sourcecode.c.h; fileEncoding = 4; name = ofxGuiUtils.h; path = ../../../addons/ofxGui/src/ofxGuiUtils.h; sourceTree = SOURCE_ROOT; };
		"E03290EE-D8F4-48F5-BCCA-7CEF458B7E0C" /* ofxColorPicker.h */ = {isa = PBXFileReference; explicitFileType = sourcecode.c.h; fileEncoding = 4; name = ofxColorPicker.h; path = ../../../addons/ofxGui/src/ofxColorPicker.h; sourceTree = SOURCE_ROOT; };
		E4B69B5B0A3A1756003C02F2 /* CS134PursuitGameDebug.app */ = {isa = PBXFileReference; explicitFileType = wrapper.application; includeInIndex = 0; path = CS134PursuitGameDebug.app; sourceTree = BUILT_PRODUCTS_DIR; };
		E4B69E1D0A3A1BDC003C02F2 /* main.cpp */ = {isa = PBXFileReference; fileEncoding = 4; lastKnownFileType = sourcecode.cpp.cpp; name = main.cpp; path = src/main.cpp; sourceTree = SOURCE_ROOT; };
		E4B69E1E0A3A1BDC003C02F2 /* ofApp.cpp */ = {isa = PBXFileReference; explicitFileType = sourcecode.cpp.cpp; fileEncoding = 4; name = ofApp.cpp; path = src/ofApp.cpp; sourceTree = SOURCE_ROOT; };
		E4B69E1F0A3A1BDC003C02F2 /* ofApp.h */ = {isa = PBXFileReference; fileEncoding = 4; lastKnownFileType = sourcecode.c.h; name = ofApp.h; path = src/ofApp.h; sourceTree = SOURCE_ROOT; };
		E4B6FCAD0C3E899E008CF71C /* openFrameworks-Info.plist */ = {isa = PBXFileReference; fileEncoding = 4; lastKnownFileType = text.plist.xml; path = "openFrameworks-Info.plist"; sourceTree = "<group>"; };
		E4EB6923138AFD0F00A09F29 /* Project.xcconfig */ = {isa = PBXFileReference; fileEncoding = 4; lastKnownFileType = text.xcconfig; path = Project.xcconfig; sourceTree = "<group>"; };
		"EA48324F-9E57-488E-A41B-5A9309D81169" /* ofxToggle.h */ = {isa = PBXFileReference; explicitFileType = sourcecode.c.h; fileEncoding = 4; name = ofxToggle.h; path = ../../../addons/ofxGui/src/ofxToggle.h; sourceTree = SOURCE_ROOT; };
/* End PBXFileReference section */

/* Begin PBXFrameworksBuildPhase section */
		E4B69B590A3A1756003C02F2 /* Frameworks */ = {
			isa = PBXFrameworksBuildPhase;
			buildActionMask = 2147483647;
			files = (
			);
			runOnlyForDeploymentPostprocessing = 0;
		};
/* End PBXFrameworksBuildPhase section */

/* Begin PBXGroup section */
		"330AA100-CC63-4E3F-9084-1D8A104179A8" /* ofxGui */ = {
			isa = PBXGroup;
			children = (
				"50E95D17-D923-49C5-92E8-51B020BFE8CE" /* src */,
			);
			name = ofxGui;
			path = ../../../addons/ofxGui;
			sourceTree = SOURCE_ROOT;
		};
		"50E95D17-D923-49C5-92E8-51B020BFE8CE" /* src */ = {
			isa = PBXGroup;
			children = (
				"222BC69A-CA29-42D0-AF33-F61D01C539BD" /* ofxBaseGui.cpp */,
				"D8A04C92-B75B-4985-A860-703B2030936E" /* ofxBaseGui.h */,
				"C83C67C8-CA0E-4B6D-ADC1-0A4E8958B998" /* ofxButton.cpp */,
				"69F492C0-DBA2-4F1D-9593-01775A5EA455" /* ofxButton.h */,
				"A28A5D6F-8003-4EA7-B062-7F33D044D7F9" /* ofxColorPicker.cpp */,
				"E03290EE-D8F4-48F5-BCCA-7CEF458B7E0C" /* ofxColorPicker.h */,
				"B19945D8-BAA3-40DF-BB79-53843EE8E5F3" /* ofxGui.h */,
				"3312B826-65EC-464B-A1C8-5A30D6AAED56" /* ofxGuiGroup.cpp */,
				"6305D2B2-B753-4730-90DA-0684206F3148" /* ofxGuiGroup.h */,
				"D9270FDE-2AE5-470D-8197-E359003E6A78" /* ofxGuiUtils.h */,
				"A49C3122-08ED-4ACF-BD20-7A564FDAAD16" /* ofxInputField.cpp */,
				"A5A2E305-A507-4146-93AE-81C8268804A8" /* ofxInputField.h */,
				"72903B4A-C377-4FFD-B4F1-320C38C7BC59" /* ofxLabel.cpp */,
				"078AB00E-3C7C-4B6D-B98C-A0E9F6CDD6FB" /* ofxLabel.h */,
				"06D277BA-4E5A-4A6E-81EE-6560455CC5E3" /* ofxPanel.cpp */,
				"3F895431-AB1F-49D1-89F7-0E84F0B4A803" /* ofxPanel.h */,
				"A83298B6-1CA8-44B2-B03B-7A2FB1EF0069" /* ofxSlider.cpp */,
				"599C7E3B-9F1F-4B1F-965E-2CA59B77F530" /* ofxSlider.h */,
				"6064535D-D655-4FE8-BF7A-64F5A3F7C8DD" /* ofxSliderGroup.cpp */,
				"222117CC-150C-4843-8C45-1006E5191931" /* ofxSliderGroup.h */,
				"0A589B0A-5BF5-4AE8-AFC6-DD8D582E0D12" /* ofxToggle.cpp */,
				"EA48324F-9E57-488E-A41B-5A9309D81169" /* ofxToggle.h */,
			);
			name = src;
			path = ../../../addons/ofxGui/src;
			sourceTree = SOURCE_ROOT;
		};
		BB4B014C10F69532006C3DED /* addons */ = {
			isa = PBXGroup;
			children = (
				"330AA100-CC63-4E3F-9084-1D8A104179A8" /* ofxGui */,
			);
			name = addons;
			path = ../../../addons;
			sourceTree = "<group>";
		};
		E4B69B4A0A3A1720003C02F2 = {
			isa = PBXGroup;
			children = (
				191CD6FA2847E21E0085CBB6 /* of.entitlements */,
				E4B6FCAD0C3E899E008CF71C /* openFrameworks-Info.plist */,
				E4EB6923138AFD0F00A09F29 /* Project.xcconfig */,
				E4B69E1C0A3A1BDC003C02F2 /* src */,
				191EF70929D778A400F35F26 /* openFrameworks */,
				BB4B014C10F69532006C3DED /* addons */,
				E4B69B5B0A3A1756003C02F2 /* CS134PursuitGameDebug.app */,
			);
			sourceTree = "<group>";
		};
		E4B69E1C0A3A1BDC003C02F2 /* src */ = {
			isa = PBXGroup;
			children = (
				C18F71C92CAA29AF00A20595 /* Shape.h */,
				C18F71C72CAA298100A20595 /* Sprite.cpp */,
				C18F71C62CAA298100A20595 /* Sprite.h */,
				C18F71BE2CAA241700A20595 /* Emitter.cpp */,
				C18F71BF2CAA241700A20595 /* Emitter.h */,
				E4B69E1D0A3A1BDC003C02F2 /* main.cpp */,
				E4B69E1E0A3A1BDC003C02F2 /* ofApp.cpp */,
				E4B69E1F0A3A1BDC003C02F2 /* ofApp.h */,
				C18F71C22CAA24A000A20595 /* Player.cpp */,
				C18F71C52CAA270E00A20595 /* Player.h */,
				C1734FC62CC6E5FB0043AFD8 /* ParticleEmitter.cpp */,
				C1734FC82CC6E6330043AFD8 /* ParticleEmitter.h */,
				C1734FCA2CC6FACA0043AFD8 /* ParticleSystem.h */,
				C1734FD02CC72BD50043AFD8 /* ParticleSystem.cpp */,
				C1734FCF2CC6FCBC0043AFD8 /* TransformObject.h */,
				C1734FD22CC72C180043AFD8 /* TransformObject.cpp */,
				C1734FD42CC72EEF0043AFD8 /* Particle.cpp */,
				C1734FD62CC72F510043AFD8 /* Particle.h */,
			);
			path = src;
			sourceTree = SOURCE_ROOT;
		};
/* End PBXGroup section */

/* Begin PBXNativeTarget section */
		E4B69B5A0A3A1756003C02F2 /* CS134PursuitGame */ = {
			isa = PBXNativeTarget;
			buildConfigurationList = E4B69B5F0A3A1757003C02F2 /* Build configuration list for PBXNativeTarget "CS134PursuitGame" */;
			buildPhases = (
				E42962A92163ECCD00A6A9E2 /* Run Script — Compile OF */,
				E4B69B580A3A1756003C02F2 /* Sources */,
				E4B69B590A3A1756003C02F2 /* Frameworks */,
				E4C2427710CC5ABF004149E2 /* CopyFiles */,
				E4A5B60F29BAAAE400C2D356 /* CopyFiles */,
				19B789C429E5AB4A0082E9B8 /* ShellScript */,
			);
			buildRules = (
			);
			dependencies = (
			);
			name = CS134PursuitGame;
			productName = myOFApp;
			productReference = E4B69B5B0A3A1756003C02F2 /* CS134PursuitGameDebug.app */;
			productType = "com.apple.product-type.application";
		};
/* End PBXNativeTarget section */

/* Begin PBXProject section */
		E4B69B4C0A3A1720003C02F2 /* Project object */ = {
			isa = PBXProject;
			attributes = {
				LastUpgradeCheck = 0600;
			};
			buildConfigurationList = E4B69B4D0A3A1720003C02F2 /* Build configuration list for PBXProject "CS134PursuitGame" */;
			compatibilityVersion = "Xcode 3.2";
			developmentRegion = en;
			hasScannedForEncodings = 0;
			knownRegions = (
				en,
				Base,
			);
			mainGroup = E4B69B4A0A3A1720003C02F2;
			productRefGroup = E4B69B4A0A3A1720003C02F2;
			projectDirPath = "";
			projectRoot = "";
			targets = (
				E4B69B5A0A3A1756003C02F2 /* CS134PursuitGame */,
			);
		};
/* End PBXProject section */

/* Begin PBXShellScriptBuildPhase section */
		19B789C429E5AB4A0082E9B8 /* ShellScript */ = {
			isa = PBXShellScriptBuildPhase;
			buildActionMask = 2147483647;
			files = (
			);
			inputFileListPaths = (
			);
			inputPaths = (
			);
			outputFileListPaths = (
			);
			outputPaths = (
			);
			runOnlyForDeploymentPostprocessing = 0;
			shellPath = /bin/sh;
			shellScript = "\"$OF_PATH/scripts/osx/xcode_project.sh\"\n";
			showEnvVarsInLog = 0;
		};
		E42962A92163ECCD00A6A9E2 /* Run Script — Compile OF */ = {
			isa = PBXShellScriptBuildPhase;
			alwaysOutOfDate = 1;
			buildActionMask = 2147483647;
			files = (
			);
			inputPaths = (
			);
			name = "Run Script — Compile OF";
			outputPaths = (
			);
			runOnlyForDeploymentPostprocessing = 0;
			shellPath = /bin/sh;
			shellScript = "echo \"💾 Compiling Openframeworks\"\nxcodebuild -project \"$OF_PATH/libs/openFrameworksCompiled/project/osx/openFrameworksLib.xcodeproj\" -target openFrameworks -configuration \"${CONFIGURATION}\"  CLANG_CXX_LANGUAGE_STANDARD=$CLANG_CXX_LANGUAGE_STANDARD MACOSX_DEPLOYMENT_TARGET=$MACOSX_DEPLOYMENT_TARGET GCC_PREPROCESSOR_DEFINITIONS=$USER_PREPROCESSOR_DEFINITIONS\n";
			showEnvVarsInLog = 0;
		};
/* End PBXShellScriptBuildPhase section */

/* Begin PBXSourcesBuildPhase section */
		E4B69B580A3A1756003C02F2 /* Sources */ = {
			isa = PBXSourcesBuildPhase;
			buildActionMask = 2147483647;
			files = (
				E4B69E200A3A1BDC003C02F2 /* main.cpp in Sources */,
				E4B69E210A3A1BDC003C02F2 /* ofApp.cpp in Sources */,
				C18F71C82CAA298100A20595 /* Sprite.cpp in Sources */,
				"6766E24C-6BFD-445C-8BBF-AB4B9FCA683C" /* ofxBaseGui.cpp in Sources */,
				"77DDD835-7332-4662-8114-A98BECC8B158" /* ofxButton.cpp in Sources */,
				C18F71C02CAA241700A20595 /* Emitter.cpp in Sources */,
				"31B9DD60-26E7-4453-AACB-B937F8CD954E" /* ofxColorPicker.cpp in Sources */,
				C1734FD12CC72BD50043AFD8 /* ParticleSystem.cpp in Sources */,
				C1734FD52CC72EEF0043AFD8 /* Particle.cpp in Sources */,
				"89FD8C2B-2F4E-4B85-9897-58B37385832A" /* ofxGuiGroup.cpp in Sources */,
				"1E4943F6-D1D1-42E1-AC1C-BE499DD9D454" /* ofxInputField.cpp in Sources */,
				C18F71C42CAA24A000A20595 /* Player.cpp in Sources */,
				C1734FD32CC72C180043AFD8 /* TransformObject.cpp in Sources */,
				"4EA01535-7A8F-411E-850A-AE2F51D7AF07" /* ofxLabel.cpp in Sources */,
				"0E66BD5F-287B-43AE-9A0F-D2ADF32F92C0" /* ofxPanel.cpp in Sources */,
				"2ED2036C-39A7-4171-A290-05099C3FD2E0" /* ofxSlider.cpp in Sources */,
				"0B0B17CF-8C02-43FC-9E9C-13EACF5897DA" /* ofxSliderGroup.cpp in Sources */,
				C1734FC72CC6E5FB0043AFD8 /* ParticleEmitter.cpp in Sources */,
				"08CBF70E-CAB4-40A9-9206-185CD65E227B" /* ofxToggle.cpp in Sources */,
			);
			runOnlyForDeploymentPostprocessing = 0;
		};
/* End PBXSourcesBuildPhase section */

/* Begin XCBuildConfiguration section */
		E4B69B4E0A3A1720003C02F2 /* Debug */ = {
			isa = XCBuildConfiguration;
			baseConfigurationReference = E4EB6923138AFD0F00A09F29 /* Project.xcconfig */;
			buildSettings = {
				CODE_SIGN_ENTITLEMENTS = of.entitlements;
				COPY_PHASE_STRIP = NO;
				ENABLE_TESTABILITY = YES;
				GCC_OPTIMIZATION_LEVEL = 0;
				GCC_WARN_UNUSED_VARIABLE = NO;
				HEADER_SEARCH_PATHS = (
					"$(OF_CORE_HEADERS)",
					src,
				);
				OTHER_CPLUSPLUSFLAGS = "-D__MACOSX_CORE__";
			};
			name = Debug;
		};
		E4B69B4F0A3A1720003C02F2 /* Release */ = {
			isa = XCBuildConfiguration;
			baseConfigurationReference = E4EB6923138AFD0F00A09F29 /* Project.xcconfig */;
			buildSettings = {
				CODE_SIGN_ENTITLEMENTS = of.entitlements;
				COPY_PHASE_STRIP = YES;
				GCC_OPTIMIZATION_LEVEL = 3;
				GCC_UNROLL_LOOPS = YES;
				HEADER_SEARCH_PATHS = (
					"$(OF_CORE_HEADERS)",
					src,
				);
				OTHER_CPLUSPLUSFLAGS = "-D__MACOSX_CORE__";
			};
			name = Release;
		};
		E4B69B600A3A1757003C02F2 /* Debug */ = {
			isa = XCBuildConfiguration;
			baseConfigurationReference = E4EB6923138AFD0F00A09F29 /* Project.xcconfig */;
			buildSettings = {
				ARCHS = "$(ARCHS_STANDARD)";
				COPY_PHASE_STRIP = NO;
				FRAMEWORK_SEARCH_PATHS = "$(inherited)";
				GCC_DYNAMIC_NO_PIC = NO;
				HEADER_SEARCH_PATHS = (
					"$(OF_CORE_HEADERS)",
					src,
					../../../addons/ofxGui/src,
				);
				LIBRARY_SEARCH_PATHS = "$(inherited)";
				OTHER_LDFLAGS = (
					"$(OF_CORE_LIBS)",
					"$(OF_CORE_FRAMEWORKS)",
					"$(LIB_OF_DEBUG)",
				);
			};
			name = Debug;
		};
		E4B69B610A3A1757003C02F2 /* Release */ = {
			isa = XCBuildConfiguration;
			baseConfigurationReference = E4EB6923138AFD0F00A09F29 /* Project.xcconfig */;
			buildSettings = {
				ARCHS = "$(ARCHS_STANDARD)";
				COPY_PHASE_STRIP = YES;
				FRAMEWORK_SEARCH_PATHS = "$(inherited)";
				HEADER_SEARCH_PATHS = (
					"$(OF_CORE_HEADERS)",
					src,
					../../../addons/ofxGui/src,
				);
				LIBRARY_SEARCH_PATHS = "$(inherited)";
				OTHER_LDFLAGS = (
					"$(OF_CORE_LIBS)",
					"$(OF_CORE_FRAMEWORKS)",
					"$(LIB_OF)",
				);
				baseConfigurationReference = E4EB6923138AFD0F00A09F29;
			};
			name = Release;
		};
/* End XCBuildConfiguration section */

/* Begin XCConfigurationList section */
		E4B69B4D0A3A1720003C02F2 /* Build configuration list for PBXProject "CS134PursuitGame" */ = {
			isa = XCConfigurationList;
			buildConfigurations = (
				E4B69B4E0A3A1720003C02F2 /* Debug */,
				E4B69B4F0A3A1720003C02F2 /* Release */,
			);
			defaultConfigurationIsVisible = 0;
			defaultConfigurationName = Release;
		};
		E4B69B5F0A3A1757003C02F2 /* Build configuration list for PBXNativeTarget "CS134PursuitGame" */ = {
			isa = XCConfigurationList;
			buildConfigurations = (
				E4B69B600A3A1757003C02F2 /* Debug */,
				E4B69B610A3A1757003C02F2 /* Release */,
			);
			defaultConfigurationIsVisible = 0;
			defaultConfigurationName = Release;
		};
/* End XCConfigurationList section */
	};
	rootObject = E4B69B4C0A3A1720003C02F2 /* Project object */;
}
